// !$*UTF8*$!
{
	archiveVersion = 1;
	classes = {
	};
	objectVersion = 55;
	objects = {

/* Begin PBXBuildFile section */
		2847325E28ADECBA003989E5 /* NotificationViewController.swift in Sources */ = {isa = PBXBuildFile; fileRef = 2847325D28ADECBA003989E5 /* NotificationViewController.swift */; };
		2847326028ADECFD003989E5 /* NotificationCell.swift in Sources */ = {isa = PBXBuildFile; fileRef = 2847325F28ADECFD003989E5 /* NotificationCell.swift */; };
		2894721628AD7CDD0018571C /* ModelUser.swift in Sources */ = {isa = PBXBuildFile; fileRef = 2894721528AD7CDD0018571C /* ModelUser.swift */; };
		2894721928AD87620018571C /* UsernameViewController.swift in Sources */ = {isa = PBXBuildFile; fileRef = 2894721828AD87620018571C /* UsernameViewController.swift */; };
		2894721E28AD8E8F0018571C /* ProfileViewController.swift in Sources */ = {isa = PBXBuildFile; fileRef = 2894721D28AD8E8F0018571C /* ProfileViewController.swift */; };
		2894722128AD93A30018571C /* UserViewModel.swift in Sources */ = {isa = PBXBuildFile; fileRef = 2894722028AD93A30018571C /* UserViewModel.swift */; };
		2894722428AD9C070018571C /* SearchCell.swift in Sources */ = {isa = PBXBuildFile; fileRef = 2894722328AD9C070018571C /* SearchCell.swift */; };
		2894722628AD9C780018571C /* SearchViewController.swift in Sources */ = {isa = PBXBuildFile; fileRef = 2894722528AD9C780018571C /* SearchViewController.swift */; };
		2894722828ADDD1E0018571C /* ProfileCell.swift in Sources */ = {isa = PBXBuildFile; fileRef = 2894722728ADDD1E0018571C /* ProfileCell.swift */; };
		28C8B91E28AAE82400DEEBEE /* AppDelegate.swift in Sources */ = {isa = PBXBuildFile; fileRef = 28C8B91D28AAE82400DEEBEE /* AppDelegate.swift */; };
		28C8B92028AAE82400DEEBEE /* SceneDelegate.swift in Sources */ = {isa = PBXBuildFile; fileRef = 28C8B91F28AAE82400DEEBEE /* SceneDelegate.swift */; };
		28C8B92228AAE82400DEEBEE /* RegistrationViewController.swift in Sources */ = {isa = PBXBuildFile; fileRef = 28C8B92128AAE82400DEEBEE /* RegistrationViewController.swift */; };
		28C8B92528AAE82400DEEBEE /* Main.storyboard in Resources */ = {isa = PBXBuildFile; fileRef = 28C8B92328AAE82400DEEBEE /* Main.storyboard */; };
		28C8B92728AAE82600DEEBEE /* Assets.xcassets in Resources */ = {isa = PBXBuildFile; fileRef = 28C8B92628AAE82600DEEBEE /* Assets.xcassets */; };
		28C8B92A28AAE82600DEEBEE /* LaunchScreen.storyboard in Resources */ = {isa = PBXBuildFile; fileRef = 28C8B92828AAE82600DEEBEE /* LaunchScreen.storyboard */; };
		28C8B93528AAE82600DEEBEE /* mvvmAuthTests.swift in Sources */ = {isa = PBXBuildFile; fileRef = 28C8B93428AAE82600DEEBEE /* mvvmAuthTests.swift */; };
		28C8B93F28AAE82600DEEBEE /* mvvmAuthUITests.swift in Sources */ = {isa = PBXBuildFile; fileRef = 28C8B93E28AAE82600DEEBEE /* mvvmAuthUITests.swift */; };
		28C8B94128AAE82600DEEBEE /* mvvmAuthUITestsLaunchTests.swift in Sources */ = {isa = PBXBuildFile; fileRef = 28C8B94028AAE82600DEEBEE /* mvvmAuthUITestsLaunchTests.swift */; };
		28C8B95128AAE92F00DEEBEE /* FirebaseAuth in Frameworks */ = {isa = PBXBuildFile; productRef = 28C8B95028AAE92F00DEEBEE /* FirebaseAuth */; };
		28C8B95328AAE92F00DEEBEE /* FirebaseFirestore in Frameworks */ = {isa = PBXBuildFile; productRef = 28C8B95228AAE92F00DEEBEE /* FirebaseFirestore */; };
		28C8B95728AAECFB00DEEBEE /* GoogleService-Info.plist in Resources */ = {isa = PBXBuildFile; fileRef = 28C8B95628AAECFB00DEEBEE /* GoogleService-Info.plist */; };
		28C8B95B28AAEE6700DEEBEE /* LoginViewController.swift in Sources */ = {isa = PBXBuildFile; fileRef = 28C8B95A28AAEE6700DEEBEE /* LoginViewController.swift */; };
/* End PBXBuildFile section */

/* Begin PBXContainerItemProxy section */
		28C8B93128AAE82600DEEBEE /* PBXContainerItemProxy */ = {
			isa = PBXContainerItemProxy;
			containerPortal = 28C8B91228AAE82400DEEBEE /* Project object */;
			proxyType = 1;
			remoteGlobalIDString = 28C8B91928AAE82400DEEBEE;
			remoteInfo = mvvmAuth;
		};
		28C8B93B28AAE82600DEEBEE /* PBXContainerItemProxy */ = {
			isa = PBXContainerItemProxy;
			containerPortal = 28C8B91228AAE82400DEEBEE /* Project object */;
			proxyType = 1;
			remoteGlobalIDString = 28C8B91928AAE82400DEEBEE;
			remoteInfo = mvvmAuth;
		};
/* End PBXContainerItemProxy section */

/* Begin PBXFileReference section */
		2847325D28ADECBA003989E5 /* NotificationViewController.swift */ = {isa = PBXFileReference; lastKnownFileType = sourcecode.swift; path = NotificationViewController.swift; sourceTree = "<group>"; };
		2847325F28ADECFD003989E5 /* NotificationCell.swift */ = {isa = PBXFileReference; lastKnownFileType = sourcecode.swift; path = NotificationCell.swift; sourceTree = "<group>"; };
		2894721528AD7CDD0018571C /* ModelUser.swift */ = {isa = PBXFileReference; lastKnownFileType = sourcecode.swift; path = ModelUser.swift; sourceTree = "<group>"; };
		2894721828AD87620018571C /* UsernameViewController.swift */ = {isa = PBXFileReference; lastKnownFileType = sourcecode.swift; path = UsernameViewController.swift; sourceTree = "<group>"; };
		2894721D28AD8E8F0018571C /* ProfileViewController.swift */ = {isa = PBXFileReference; lastKnownFileType = sourcecode.swift; path = ProfileViewController.swift; sourceTree = "<group>"; };
		2894722028AD93A30018571C /* UserViewModel.swift */ = {isa = PBXFileReference; lastKnownFileType = sourcecode.swift; path = UserViewModel.swift; sourceTree = "<group>"; };
		2894722328AD9C070018571C /* SearchCell.swift */ = {isa = PBXFileReference; lastKnownFileType = sourcecode.swift; path = SearchCell.swift; sourceTree = "<group>"; };
		2894722528AD9C780018571C /* SearchViewController.swift */ = {isa = PBXFileReference; lastKnownFileType = sourcecode.swift; path = SearchViewController.swift; sourceTree = "<group>"; };
		2894722728ADDD1E0018571C /* ProfileCell.swift */ = {isa = PBXFileReference; lastKnownFileType = sourcecode.swift; path = ProfileCell.swift; sourceTree = "<group>"; };
		28C8B91A28AAE82400DEEBEE /* mvvmAuth.app */ = {isa = PBXFileReference; explicitFileType = wrapper.application; includeInIndex = 0; path = mvvmAuth.app; sourceTree = BUILT_PRODUCTS_DIR; };
		28C8B91D28AAE82400DEEBEE /* AppDelegate.swift */ = {isa = PBXFileReference; lastKnownFileType = sourcecode.swift; path = AppDelegate.swift; sourceTree = "<group>"; };
		28C8B91F28AAE82400DEEBEE /* SceneDelegate.swift */ = {isa = PBXFileReference; lastKnownFileType = sourcecode.swift; path = SceneDelegate.swift; sourceTree = "<group>"; };
		28C8B92128AAE82400DEEBEE /* RegistrationViewController.swift */ = {isa = PBXFileReference; lastKnownFileType = sourcecode.swift; path = RegistrationViewController.swift; sourceTree = "<group>"; };
		28C8B92428AAE82400DEEBEE /* Base */ = {isa = PBXFileReference; lastKnownFileType = file.storyboard; name = Base; path = Base.lproj/Main.storyboard; sourceTree = "<group>"; };
		28C8B92628AAE82600DEEBEE /* Assets.xcassets */ = {isa = PBXFileReference; lastKnownFileType = folder.assetcatalog; path = Assets.xcassets; sourceTree = "<group>"; };
		28C8B92928AAE82600DEEBEE /* Base */ = {isa = PBXFileReference; lastKnownFileType = file.storyboard; name = Base; path = Base.lproj/LaunchScreen.storyboard; sourceTree = "<group>"; };
		28C8B92B28AAE82600DEEBEE /* Info.plist */ = {isa = PBXFileReference; lastKnownFileType = text.plist.xml; path = Info.plist; sourceTree = "<group>"; };
		28C8B93028AAE82600DEEBEE /* mvvmAuthTests.xctest */ = {isa = PBXFileReference; explicitFileType = wrapper.cfbundle; includeInIndex = 0; path = mvvmAuthTests.xctest; sourceTree = BUILT_PRODUCTS_DIR; };
		28C8B93428AAE82600DEEBEE /* mvvmAuthTests.swift */ = {isa = PBXFileReference; lastKnownFileType = sourcecode.swift; path = mvvmAuthTests.swift; sourceTree = "<group>"; };
		28C8B93A28AAE82600DEEBEE /* mvvmAuthUITests.xctest */ = {isa = PBXFileReference; explicitFileType = wrapper.cfbundle; includeInIndex = 0; path = mvvmAuthUITests.xctest; sourceTree = BUILT_PRODUCTS_DIR; };
		28C8B93E28AAE82600DEEBEE /* mvvmAuthUITests.swift */ = {isa = PBXFileReference; lastKnownFileType = sourcecode.swift; path = mvvmAuthUITests.swift; sourceTree = "<group>"; };
		28C8B94028AAE82600DEEBEE /* mvvmAuthUITestsLaunchTests.swift */ = {isa = PBXFileReference; lastKnownFileType = sourcecode.swift; path = mvvmAuthUITestsLaunchTests.swift; sourceTree = "<group>"; };
		28C8B95628AAECFB00DEEBEE /* GoogleService-Info.plist */ = {isa = PBXFileReference; fileEncoding = 4; lastKnownFileType = text.plist.xml; path = "GoogleService-Info.plist"; sourceTree = "<group>"; };
		28C8B95A28AAEE6700DEEBEE /* LoginViewController.swift */ = {isa = PBXFileReference; lastKnownFileType = sourcecode.swift; path = LoginViewController.swift; sourceTree = "<group>"; };
/* End PBXFileReference section */

/* Begin PBXFrameworksBuildPhase section */
		28C8B91728AAE82400DEEBEE /* Frameworks */ = {
			isa = PBXFrameworksBuildPhase;
			buildActionMask = 2147483647;
			files = (
				28C8B95128AAE92F00DEEBEE /* FirebaseAuth in Frameworks */,
				28C8B95328AAE92F00DEEBEE /* FirebaseFirestore in Frameworks */,
			);
			runOnlyForDeploymentPostprocessing = 0;
		};
		28C8B92D28AAE82600DEEBEE /* Frameworks */ = {
			isa = PBXFrameworksBuildPhase;
			buildActionMask = 2147483647;
			files = (
			);
			runOnlyForDeploymentPostprocessing = 0;
		};
		28C8B93728AAE82600DEEBEE /* Frameworks */ = {
			isa = PBXFrameworksBuildPhase;
			buildActionMask = 2147483647;
			files = (
			);
			runOnlyForDeploymentPostprocessing = 0;
		};
/* End PBXFrameworksBuildPhase section */

/* Begin PBXGroup section */
		2894721728AD7CE30018571C /* Model */ = {
			isa = PBXGroup;
			children = (
				2894721528AD7CDD0018571C /* ModelUser.swift */,
			);
			path = Model;
			sourceTree = "<group>";
		};
		2894721C28AD8E7E0018571C /* TabBar */ = {
			isa = PBXGroup;
			children = (
				2894721D28AD8E8F0018571C /* ProfileViewController.swift */,
				2894722528AD9C780018571C /* SearchViewController.swift */,
				2847325D28ADECBA003989E5 /* NotificationViewController.swift */,
			);
			path = TabBar;
			sourceTree = "<group>";
		};
		2894721F28AD93980018571C /* ViewModel */ = {
			isa = PBXGroup;
			children = (
				2894722028AD93A30018571C /* UserViewModel.swift */,
			);
			path = ViewModel;
			sourceTree = "<group>";
		};
		2894722228AD9BC80018571C /* Cell */ = {
			isa = PBXGroup;
			children = (
				2894722328AD9C070018571C /* SearchCell.swift */,
				2894722728ADDD1E0018571C /* ProfileCell.swift */,
				2847325F28ADECFD003989E5 /* NotificationCell.swift */,
			);
			path = Cell;
			sourceTree = "<group>";
		};
		28C8B91128AAE82400DEEBEE = {
			isa = PBXGroup;
			children = (
				28C8B91C28AAE82400DEEBEE /* mvvmAuth */,
				28C8B93328AAE82600DEEBEE /* mvvmAuthTests */,
				28C8B93D28AAE82600DEEBEE /* mvvmAuthUITests */,
				28C8B91B28AAE82400DEEBEE /* Products */,
			);
			sourceTree = "<group>";
		};
		28C8B91B28AAE82400DEEBEE /* Products */ = {
			isa = PBXGroup;
			children = (
				28C8B91A28AAE82400DEEBEE /* mvvmAuth.app */,
				28C8B93028AAE82600DEEBEE /* mvvmAuthTests.xctest */,
				28C8B93A28AAE82600DEEBEE /* mvvmAuthUITests.xctest */,
			);
			name = Products;
			sourceTree = "<group>";
		};
		28C8B91C28AAE82400DEEBEE /* mvvmAuth */ = {
			isa = PBXGroup;
			children = (
				2894722228AD9BC80018571C /* Cell */,
				2894721728AD7CE30018571C /* Model */,
				2894721F28AD93980018571C /* ViewModel */,
				28C8B95E28AB254200DEEBEE /* Controllers */,
				28C8B91D28AAE82400DEEBEE /* AppDelegate.swift */,
				28C8B91F28AAE82400DEEBEE /* SceneDelegate.swift */,
				28C8B92328AAE82400DEEBEE /* Main.storyboard */,
				28C8B92628AAE82600DEEBEE /* Assets.xcassets */,
				28C8B92828AAE82600DEEBEE /* LaunchScreen.storyboard */,
				28C8B92B28AAE82600DEEBEE /* Info.plist */,
				28C8B95628AAECFB00DEEBEE /* GoogleService-Info.plist */,
			);
			path = mvvmAuth;
			sourceTree = "<group>";
		};
		28C8B93328AAE82600DEEBEE /* mvvmAuthTests */ = {
			isa = PBXGroup;
			children = (
				28C8B93428AAE82600DEEBEE /* mvvmAuthTests.swift */,
			);
			path = mvvmAuthTests;
			sourceTree = "<group>";
		};
		28C8B93D28AAE82600DEEBEE /* mvvmAuthUITests */ = {
			isa = PBXGroup;
			children = (
				28C8B93E28AAE82600DEEBEE /* mvvmAuthUITests.swift */,
				28C8B94028AAE82600DEEBEE /* mvvmAuthUITestsLaunchTests.swift */,
			);
			path = mvvmAuthUITests;
			sourceTree = "<group>";
		};
		28C8B95E28AB254200DEEBEE /* Controllers */ = {
			isa = PBXGroup;
			children = (
				2894721C28AD8E7E0018571C /* TabBar */,
				28C8B92128AAE82400DEEBEE /* RegistrationViewController.swift */,
				28C8B95A28AAEE6700DEEBEE /* LoginViewController.swift */,
				2894721828AD87620018571C /* UsernameViewController.swift */,
			);
			path = Controllers;
			sourceTree = "<group>";
		};
/* End PBXGroup section */

/* Begin PBXNativeTarget section */
		28C8B91928AAE82400DEEBEE /* mvvmAuth */ = {
			isa = PBXNativeTarget;
			buildConfigurationList = 28C8B94428AAE82600DEEBEE /* Build configuration list for PBXNativeTarget "mvvmAuth" */;
			buildPhases = (
				28C8B91628AAE82400DEEBEE /* Sources */,
				28C8B91728AAE82400DEEBEE /* Frameworks */,
				28C8B91828AAE82400DEEBEE /* Resources */,
			);
			buildRules = (
			);
			dependencies = (
			);
			name = mvvmAuth;
			packageProductDependencies = (
				28C8B95028AAE92F00DEEBEE /* FirebaseAuth */,
				28C8B95228AAE92F00DEEBEE /* FirebaseFirestore */,
			);
			productName = mvvmAuth;
			productReference = 28C8B91A28AAE82400DEEBEE /* mvvmAuth.app */;
			productType = "com.apple.product-type.application";
		};
		28C8B92F28AAE82600DEEBEE /* mvvmAuthTests */ = {
			isa = PBXNativeTarget;
			buildConfigurationList = 28C8B94728AAE82600DEEBEE /* Build configuration list for PBXNativeTarget "mvvmAuthTests" */;
			buildPhases = (
				28C8B92C28AAE82600DEEBEE /* Sources */,
				28C8B92D28AAE82600DEEBEE /* Frameworks */,
				28C8B92E28AAE82600DEEBEE /* Resources */,
			);
			buildRules = (
			);
			dependencies = (
				28C8B93228AAE82600DEEBEE /* PBXTargetDependency */,
			);
			name = mvvmAuthTests;
			productName = mvvmAuthTests;
			productReference = 28C8B93028AAE82600DEEBEE /* mvvmAuthTests.xctest */;
			productType = "com.apple.product-type.bundle.unit-test";
		};
		28C8B93928AAE82600DEEBEE /* mvvmAuthUITests */ = {
			isa = PBXNativeTarget;
			buildConfigurationList = 28C8B94A28AAE82600DEEBEE /* Build configuration list for PBXNativeTarget "mvvmAuthUITests" */;
			buildPhases = (
				28C8B93628AAE82600DEEBEE /* Sources */,
				28C8B93728AAE82600DEEBEE /* Frameworks */,
				28C8B93828AAE82600DEEBEE /* Resources */,
			);
			buildRules = (
			);
			dependencies = (
				28C8B93C28AAE82600DEEBEE /* PBXTargetDependency */,
			);
			name = mvvmAuthUITests;
			productName = mvvmAuthUITests;
			productReference = 28C8B93A28AAE82600DEEBEE /* mvvmAuthUITests.xctest */;
			productType = "com.apple.product-type.bundle.ui-testing";
		};
/* End PBXNativeTarget section */

/* Begin PBXProject section */
		28C8B91228AAE82400DEEBEE /* Project object */ = {
			isa = PBXProject;
			attributes = {
				BuildIndependentTargetsInParallel = 1;
				LastSwiftUpdateCheck = 1340;
				LastUpgradeCheck = 1340;
				TargetAttributes = {
					28C8B91928AAE82400DEEBEE = {
						CreatedOnToolsVersion = 13.4.1;
					};
					28C8B92F28AAE82600DEEBEE = {
						CreatedOnToolsVersion = 13.4.1;
						TestTargetID = 28C8B91928AAE82400DEEBEE;
					};
					28C8B93928AAE82600DEEBEE = {
						CreatedOnToolsVersion = 13.4.1;
						TestTargetID = 28C8B91928AAE82400DEEBEE;
					};
				};
			};
			buildConfigurationList = 28C8B91528AAE82400DEEBEE /* Build configuration list for PBXProject "mvvmAuth" */;
			compatibilityVersion = "Xcode 13.0";
			developmentRegion = en;
			hasScannedForEncodings = 0;
			knownRegions = (
				en,
				Base,
			);
			mainGroup = 28C8B91128AAE82400DEEBEE;
			packageReferences = (
				28C8B94F28AAE92F00DEEBEE /* XCRemoteSwiftPackageReference "firebase-ios-sdk" */,
			);
			productRefGroup = 28C8B91B28AAE82400DEEBEE /* Products */;
			projectDirPath = "";
			projectRoot = "";
			targets = (
				28C8B91928AAE82400DEEBEE /* mvvmAuth */,
				28C8B92F28AAE82600DEEBEE /* mvvmAuthTests */,
				28C8B93928AAE82600DEEBEE /* mvvmAuthUITests */,
			);
		};
/* End PBXProject section */

/* Begin PBXResourcesBuildPhase section */
		28C8B91828AAE82400DEEBEE /* Resources */ = {
			isa = PBXResourcesBuildPhase;
			buildActionMask = 2147483647;
			files = (
				28C8B92A28AAE82600DEEBEE /* LaunchScreen.storyboard in Resources */,
				28C8B95728AAECFB00DEEBEE /* GoogleService-Info.plist in Resources */,
				28C8B92728AAE82600DEEBEE /* Assets.xcassets in Resources */,
				28C8B92528AAE82400DEEBEE /* Main.storyboard in Resources */,
			);
			runOnlyForDeploymentPostprocessing = 0;
		};
		28C8B92E28AAE82600DEEBEE /* Resources */ = {
			isa = PBXResourcesBuildPhase;
			buildActionMask = 2147483647;
			files = (
			);
			runOnlyForDeploymentPostprocessing = 0;
		};
		28C8B93828AAE82600DEEBEE /* Resources */ = {
			isa = PBXResourcesBuildPhase;
			buildActionMask = 2147483647;
			files = (
			);
			runOnlyForDeploymentPostprocessing = 0;
		};
/* End PBXResourcesBuildPhase section */

/* Begin PBXSourcesBuildPhase section */
		28C8B91628AAE82400DEEBEE /* Sources */ = {
			isa = PBXSourcesBuildPhase;
			buildActionMask = 2147483647;
			files = (
				2894722628AD9C780018571C /* SearchViewController.swift in Sources */,
				28C8B95B28AAEE6700DEEBEE /* LoginViewController.swift in Sources */,
				2847325E28ADECBA003989E5 /* NotificationViewController.swift in Sources */,
				2894722428AD9C070018571C /* SearchCell.swift in Sources */,
				2847326028ADECFD003989E5 /* NotificationCell.swift in Sources */,
				2894722828ADDD1E0018571C /* ProfileCell.swift in Sources */,
				2894722128AD93A30018571C /* UserViewModel.swift in Sources */,
				28C8B92228AAE82400DEEBEE /* RegistrationViewController.swift in Sources */,
				2894721628AD7CDD0018571C /* ModelUser.swift in Sources */,
				28C8B91E28AAE82400DEEBEE /* AppDelegate.swift in Sources */,
				2894721928AD87620018571C /* UsernameViewController.swift in Sources */,
				28C8B92028AAE82400DEEBEE /* SceneDelegate.swift in Sources */,
				2894721E28AD8E8F0018571C /* ProfileViewController.swift in Sources */,
			);
			runOnlyForDeploymentPostprocessing = 0;
		};
		28C8B92C28AAE82600DEEBEE /* Sources */ = {
			isa = PBXSourcesBuildPhase;
			buildActionMask = 2147483647;
			files = (
				28C8B93528AAE82600DEEBEE /* mvvmAuthTests.swift in Sources */,
			);
			runOnlyForDeploymentPostprocessing = 0;
		};
		28C8B93628AAE82600DEEBEE /* Sources */ = {
			isa = PBXSourcesBuildPhase;
			buildActionMask = 2147483647;
			files = (
				28C8B94128AAE82600DEEBEE /* mvvmAuthUITestsLaunchTests.swift in Sources */,
				28C8B93F28AAE82600DEEBEE /* mvvmAuthUITests.swift in Sources */,
			);
			runOnlyForDeploymentPostprocessing = 0;
		};
/* End PBXSourcesBuildPhase section */

/* Begin PBXTargetDependency section */
		28C8B93228AAE82600DEEBEE /* PBXTargetDependency */ = {
			isa = PBXTargetDependency;
			target = 28C8B91928AAE82400DEEBEE /* mvvmAuth */;
			targetProxy = 28C8B93128AAE82600DEEBEE /* PBXContainerItemProxy */;
		};
		28C8B93C28AAE82600DEEBEE /* PBXTargetDependency */ = {
			isa = PBXTargetDependency;
			target = 28C8B91928AAE82400DEEBEE /* mvvmAuth */;
			targetProxy = 28C8B93B28AAE82600DEEBEE /* PBXContainerItemProxy */;
		};
/* End PBXTargetDependency section */

/* Begin PBXVariantGroup section */
		28C8B92328AAE82400DEEBEE /* Main.storyboard */ = {
			isa = PBXVariantGroup;
			children = (
				28C8B92428AAE82400DEEBEE /* Base */,
			);
			name = Main.storyboard;
			sourceTree = "<group>";
		};
		28C8B92828AAE82600DEEBEE /* LaunchScreen.storyboard */ = {
			isa = PBXVariantGroup;
			children = (
				28C8B92928AAE82600DEEBEE /* Base */,
			);
			name = LaunchScreen.storyboard;
			sourceTree = "<group>";
		};
/* End PBXVariantGroup section */

/* Begin XCBuildConfiguration section */
		28C8B94228AAE82600DEEBEE /* Debug */ = {
			isa = XCBuildConfiguration;
			buildSettings = {
				ALWAYS_SEARCH_USER_PATHS = NO;
				CLANG_ANALYZER_NONNULL = YES;
				CLANG_ANALYZER_NUMBER_OBJECT_CONVERSION = YES_AGGRESSIVE;
				CLANG_CXX_LANGUAGE_STANDARD = "gnu++17";
				CLANG_ENABLE_MODULES = YES;
				CLANG_ENABLE_OBJC_ARC = YES;
				CLANG_ENABLE_OBJC_WEAK = YES;
				CLANG_WARN_BLOCK_CAPTURE_AUTORELEASING = YES;
				CLANG_WARN_BOOL_CONVERSION = YES;
				CLANG_WARN_COMMA = YES;
				CLANG_WARN_CONSTANT_CONVERSION = YES;
				CLANG_WARN_DEPRECATED_OBJC_IMPLEMENTATIONS = YES;
				CLANG_WARN_DIRECT_OBJC_ISA_USAGE = YES_ERROR;
				CLANG_WARN_DOCUMENTATION_COMMENTS = YES;
				CLANG_WARN_EMPTY_BODY = YES;
				CLANG_WARN_ENUM_CONVERSION = YES;
				CLANG_WARN_INFINITE_RECURSION = YES;
				CLANG_WARN_INT_CONVERSION = YES;
				CLANG_WARN_NON_LITERAL_NULL_CONVERSION = YES;
				CLANG_WARN_OBJC_IMPLICIT_RETAIN_SELF = YES;
				CLANG_WARN_OBJC_LITERAL_CONVERSION = YES;
				CLANG_WARN_OBJC_ROOT_CLASS = YES_ERROR;
				CLANG_WARN_QUOTED_INCLUDE_IN_FRAMEWORK_HEADER = YES;
				CLANG_WARN_RANGE_LOOP_ANALYSIS = YES;
				CLANG_WARN_STRICT_PROTOTYPES = YES;
				CLANG_WARN_SUSPICIOUS_MOVE = YES;
				CLANG_WARN_UNGUARDED_AVAILABILITY = YES_AGGRESSIVE;
				CLANG_WARN_UNREACHABLE_CODE = YES;
				CLANG_WARN__DUPLICATE_METHOD_MATCH = YES;
				COPY_PHASE_STRIP = NO;
				DEBUG_INFORMATION_FORMAT = dwarf;
				ENABLE_STRICT_OBJC_MSGSEND = YES;
				ENABLE_TESTABILITY = YES;
				GCC_C_LANGUAGE_STANDARD = gnu11;
				GCC_DYNAMIC_NO_PIC = NO;
				GCC_NO_COMMON_BLOCKS = YES;
				GCC_OPTIMIZATION_LEVEL = 0;
				GCC_PREPROCESSOR_DEFINITIONS = (
					"DEBUG=1",
					"$(inherited)",
				);
				GCC_WARN_64_TO_32_BIT_CONVERSION = YES;
				GCC_WARN_ABOUT_RETURN_TYPE = YES_ERROR;
				GCC_WARN_UNDECLARED_SELECTOR = YES;
				GCC_WARN_UNINITIALIZED_AUTOS = YES_AGGRESSIVE;
				GCC_WARN_UNUSED_FUNCTION = YES;
				GCC_WARN_UNUSED_VARIABLE = YES;
				IPHONEOS_DEPLOYMENT_TARGET = 15.5;
				MTL_ENABLE_DEBUG_INFO = INCLUDE_SOURCE;
				MTL_FAST_MATH = YES;
				ONLY_ACTIVE_ARCH = YES;
				SDKROOT = iphoneos;
				SWIFT_ACTIVE_COMPILATION_CONDITIONS = DEBUG;
				SWIFT_OPTIMIZATION_LEVEL = "-Onone";
			};
			name = Debug;
		};
		28C8B94328AAE82600DEEBEE /* Release */ = {
			isa = XCBuildConfiguration;
			buildSettings = {
				ALWAYS_SEARCH_USER_PATHS = NO;
				CLANG_ANALYZER_NONNULL = YES;
				CLANG_ANALYZER_NUMBER_OBJECT_CONVERSION = YES_AGGRESSIVE;
				CLANG_CXX_LANGUAGE_STANDARD = "gnu++17";
				CLANG_ENABLE_MODULES = YES;
				CLANG_ENABLE_OBJC_ARC = YES;
				CLANG_ENABLE_OBJC_WEAK = YES;
				CLANG_WARN_BLOCK_CAPTURE_AUTORELEASING = YES;
				CLANG_WARN_BOOL_CONVERSION = YES;
				CLANG_WARN_COMMA = YES;
				CLANG_WARN_CONSTANT_CONVERSION = YES;
				CLANG_WARN_DEPRECATED_OBJC_IMPLEMENTATIONS = YES;
				CLANG_WARN_DIRECT_OBJC_ISA_USAGE = YES_ERROR;
				CLANG_WARN_DOCUMENTATION_COMMENTS = YES;
				CLANG_WARN_EMPTY_BODY = YES;
				CLANG_WARN_ENUM_CONVERSION = YES;
				CLANG_WARN_INFINITE_RECURSION = YES;
				CLANG_WARN_INT_CONVERSION = YES;
				CLANG_WARN_NON_LITERAL_NULL_CONVERSION = YES;
				CLANG_WARN_OBJC_IMPLICIT_RETAIN_SELF = YES;
				CLANG_WARN_OBJC_LITERAL_CONVERSION = YES;
				CLANG_WARN_OBJC_ROOT_CLASS = YES_ERROR;
				CLANG_WARN_QUOTED_INCLUDE_IN_FRAMEWORK_HEADER = YES;
				CLANG_WARN_RANGE_LOOP_ANALYSIS = YES;
				CLANG_WARN_STRICT_PROTOTYPES = YES;
				CLANG_WARN_SUSPICIOUS_MOVE = YES;
				CLANG_WARN_UNGUARDED_AVAILABILITY = YES_AGGRESSIVE;
				CLANG_WARN_UNREACHABLE_CODE = YES;
				CLANG_WARN__DUPLICATE_METHOD_MATCH = YES;
				COPY_PHASE_STRIP = NO;
				DEBUG_INFORMATION_FORMAT = "dwarf-with-dsym";
				ENABLE_NS_ASSERTIONS = NO;
				ENABLE_STRICT_OBJC_MSGSEND = YES;
				GCC_C_LANGUAGE_STANDARD = gnu11;
				GCC_NO_COMMON_BLOCKS = YES;
				GCC_WARN_64_TO_32_BIT_CONVERSION = YES;
				GCC_WARN_ABOUT_RETURN_TYPE = YES_ERROR;
				GCC_WARN_UNDECLARED_SELECTOR = YES;
				GCC_WARN_UNINITIALIZED_AUTOS = YES_AGGRESSIVE;
				GCC_WARN_UNUSED_FUNCTION = YES;
				GCC_WARN_UNUSED_VARIABLE = YES;
				IPHONEOS_DEPLOYMENT_TARGET = 15.5;
				MTL_ENABLE_DEBUG_INFO = NO;
				MTL_FAST_MATH = YES;
				SDKROOT = iphoneos;
				SWIFT_COMPILATION_MODE = wholemodule;
				SWIFT_OPTIMIZATION_LEVEL = "-O";
				VALIDATE_PRODUCT = YES;
			};
			name = Release;
		};
		28C8B94528AAE82600DEEBEE /* Debug */ = {
			isa = XCBuildConfiguration;
			buildSettings = {
				ASSETCATALOG_COMPILER_APPICON_NAME = AppIcon;
				ASSETCATALOG_COMPILER_GLOBAL_ACCENT_COLOR_NAME = AccentColor;
				CODE_SIGN_STYLE = Automatic;
				CURRENT_PROJECT_VERSION = 1;
				DEVELOPMENT_TEAM = PB7Q9HXT8D;
				GENERATE_INFOPLIST_FILE = YES;
				INFOPLIST_FILE = mvvmAuth/Info.plist;
				INFOPLIST_KEY_CFBundleDisplayName = MyPet;
				INFOPLIST_KEY_UIApplicationSupportsIndirectInputEvents = YES;
				INFOPLIST_KEY_UILaunchStoryboardName = LaunchScreen;
				INFOPLIST_KEY_UIMainStoryboardFile = Main;
				INFOPLIST_KEY_UISupportedInterfaceOrientations_iPad = "UIInterfaceOrientationPortrait UIInterfaceOrientationPortraitUpsideDown UIInterfaceOrientationLandscapeLeft UIInterfaceOrientationLandscapeRight";
				INFOPLIST_KEY_UISupportedInterfaceOrientations_iPhone = "UIInterfaceOrientationPortrait UIInterfaceOrientationLandscapeLeft UIInterfaceOrientationLandscapeRight";
				LD_RUNPATH_SEARCH_PATHS = (
					"$(inherited)",
					"@executable_path/Frameworks",
				);
				MARKETING_VERSION = 1.0;
				PRODUCT_BUNDLE_IDENTIFIER = felipetavela.mvvmAuth;
				PRODUCT_NAME = "$(TARGET_NAME)";
				SWIFT_EMIT_LOC_STRINGS = YES;
				SWIFT_VERSION = 5.0;
				TARGETED_DEVICE_FAMILY = "1,2";
			};
			name = Debug;
		};
		28C8B94628AAE82600DEEBEE /* Release */ = {
			isa = XCBuildConfiguration;
			buildSettings = {
				ASSETCATALOG_COMPILER_APPICON_NAME = AppIcon;
				ASSETCATALOG_COMPILER_GLOBAL_ACCENT_COLOR_NAME = AccentColor;
				CODE_SIGN_STYLE = Automatic;
				CURRENT_PROJECT_VERSION = 1;
				DEVELOPMENT_TEAM = PB7Q9HXT8D;
				GENERATE_INFOPLIST_FILE = YES;
				INFOPLIST_FILE = mvvmAuth/Info.plist;
				INFOPLIST_KEY_CFBundleDisplayName = MyPet;
				INFOPLIST_KEY_UIApplicationSupportsIndirectInputEvents = YES;
				INFOPLIST_KEY_UILaunchStoryboardName = LaunchScreen;
				INFOPLIST_KEY_UIMainStoryboardFile = Main;
				INFOPLIST_KEY_UISupportedInterfaceOrientations_iPad = "UIInterfaceOrientationPortrait UIInterfaceOrientationPortraitUpsideDown UIInterfaceOrientationLandscapeLeft UIInterfaceOrientationLandscapeRight";
				INFOPLIST_KEY_UISupportedInterfaceOrientations_iPhone = "UIInterfaceOrientationPortrait UIInterfaceOrientationLandscapeLeft UIInterfaceOrientationLandscapeRight";
				LD_RUNPATH_SEARCH_PATHS = (
					"$(inherited)",
					"@executable_path/Frameworks",
				);
				MARKETING_VERSION = 1.0;
				PRODUCT_BUNDLE_IDENTIFIER = felipetavela.mvvmAuth;
				PRODUCT_NAME = "$(TARGET_NAME)";
				SWIFT_EMIT_LOC_STRINGS = YES;
				SWIFT_VERSION = 5.0;
				TARGETED_DEVICE_FAMILY = "1,2";
			};
			name = Release;
		};
		28C8B94828AAE82600DEEBEE /* Debug */ = {
			isa = XCBuildConfiguration;
			buildSettings = {
				ALWAYS_EMBED_SWIFT_STANDARD_LIBRARIES = YES;
				BUNDLE_LOADER = "$(TEST_HOST)";
				CODE_SIGN_STYLE = Automatic;
				CURRENT_PROJECT_VERSION = 1;
				DEVELOPMENT_TEAM = PB7Q9HXT8D;
				GENERATE_INFOPLIST_FILE = YES;
				IPHONEOS_DEPLOYMENT_TARGET = 15.5;
				MARKETING_VERSION = 1.0;
				PRODUCT_BUNDLE_IDENTIFIER = felipetavela.mvvmAuthTests;
				PRODUCT_NAME = "$(TARGET_NAME)";
				SWIFT_EMIT_LOC_STRINGS = NO;
				SWIFT_VERSION = 5.0;
				TARGETED_DEVICE_FAMILY = "1,2";
				TEST_HOST = "$(BUILT_PRODUCTS_DIR)/mvvmAuth.app/mvvmAuth";
			};
			name = Debug;
		};
		28C8B94928AAE82600DEEBEE /* Release */ = {
			isa = XCBuildConfiguration;
			buildSettings = {
				ALWAYS_EMBED_SWIFT_STANDARD_LIBRARIES = YES;
				BUNDLE_LOADER = "$(TEST_HOST)";
				CODE_SIGN_STYLE = Automatic;
				CURRENT_PROJECT_VERSION = 1;
				DEVELOPMENT_TEAM = PB7Q9HXT8D;
				GENERATE_INFOPLIST_FILE = YES;
				IPHONEOS_DEPLOYMENT_TARGET = 15.5;
				MARKETING_VERSION = 1.0;
				PRODUCT_BUNDLE_IDENTIFIER = felipetavela.mvvmAuthTests;
				PRODUCT_NAME = "$(TARGET_NAME)";
				SWIFT_EMIT_LOC_STRINGS = NO;
				SWIFT_VERSION = 5.0;
				TARGETED_DEVICE_FAMILY = "1,2";
				TEST_HOST = "$(BUILT_PRODUCTS_DIR)/mvvmAuth.app/mvvmAuth";
			};
			name = Release;
		};
		28C8B94B28AAE82600DEEBEE /* Debug */ = {
			isa = XCBuildConfiguration;
			buildSettings = {
				ALWAYS_EMBED_SWIFT_STANDARD_LIBRARIES = YES;
				CODE_SIGN_STYLE = Automatic;
				CURRENT_PROJECT_VERSION = 1;
				DEVELOPMENT_TEAM = PB7Q9HXT8D;
				GENERATE_INFOPLIST_FILE = YES;
				MARKETING_VERSION = 1.0;
				PRODUCT_BUNDLE_IDENTIFIER = felipetavela.mvvmAuthUITests;
				PRODUCT_NAME = "$(TARGET_NAME)";
				SWIFT_EMIT_LOC_STRINGS = NO;
				SWIFT_VERSION = 5.0;
				TARGETED_DEVICE_FAMILY = "1,2";
				TEST_TARGET_NAME = mvvmAuth;
			};
			name = Debug;
		};
		28C8B94C28AAE82600DEEBEE /* Release */ = {
			isa = XCBuildConfiguration;
			buildSettings = {
				ALWAYS_EMBED_SWIFT_STANDARD_LIBRARIES = YES;
				CODE_SIGN_STYLE = Automatic;
				CURRENT_PROJECT_VERSION = 1;
				DEVELOPMENT_TEAM = PB7Q9HXT8D;
				GENERATE_INFOPLIST_FILE = YES;
				MARKETING_VERSION = 1.0;
				PRODUCT_BUNDLE_IDENTIFIER = felipetavela.mvvmAuthUITests;
				PRODUCT_NAME = "$(TARGET_NAME)";
				SWIFT_EMIT_LOC_STRINGS = NO;
				SWIFT_VERSION = 5.0;
				TARGETED_DEVICE_FAMILY = "1,2";
				TEST_TARGET_NAME = mvvmAuth;
			};
			name = Release;
		};
/* End XCBuildConfiguration section */

/* Begin XCConfigurationList section */
		28C8B91528AAE82400DEEBEE /* Build configuration list for PBXProject "mvvmAuth" */ = {
			isa = XCConfigurationList;
			buildConfigurations = (
				28C8B94228AAE82600DEEBEE /* Debug */,
				28C8B94328AAE82600DEEBEE /* Release */,
			);
			defaultConfigurationIsVisible = 0;
			defaultConfigurationName = Release;
		};
		28C8B94428AAE82600DEEBEE /* Build configuration list for PBXNativeTarget "mvvmAuth" */ = {
			isa = XCConfigurationList;
			buildConfigurations = (
				28C8B94528AAE82600DEEBEE /* Debug */,
				28C8B94628AAE82600DEEBEE /* Release */,
			);
			defaultConfigurationIsVisible = 0;
			defaultConfigurationName = Release;
		};
		28C8B94728AAE82600DEEBEE /* Build configuration list for PBXNativeTarget "mvvmAuthTests" */ = {
			isa = XCConfigurationList;
			buildConfigurations = (
				28C8B94828AAE82600DEEBEE /* Debug */,
				28C8B94928AAE82600DEEBEE /* Release */,
			);
			defaultConfigurationIsVisible = 0;
			defaultConfigurationName = Release;
		};
		28C8B94A28AAE82600DEEBEE /* Build configuration list for PBXNativeTarget "mvvmAuthUITests" */ = {
			isa = XCConfigurationList;
			buildConfigurations = (
				28C8B94B28AAE82600DEEBEE /* Debug */,
				28C8B94C28AAE82600DEEBEE /* Release */,
			);
			defaultConfigurationIsVisible = 0;
			defaultConfigurationName = Release;
		};
/* End XCConfigurationList section */

/* Begin XCRemoteSwiftPackageReference section */
		28C8B94F28AAE92F00DEEBEE /* XCRemoteSwiftPackageReference "firebase-ios-sdk" */ = {
			isa = XCRemoteSwiftPackageReference;
			repositoryURL = "https://github.com/firebase/firebase-ios-sdk";
			requirement = {
				branch = master;
				kind = branch;
			};
		};
/* End XCRemoteSwiftPackageReference section */

/* Begin XCSwiftPackageProductDependency section */
		28C8B95028AAE92F00DEEBEE /* FirebaseAuth */ = {
			isa = XCSwiftPackageProductDependency;
			package = 28C8B94F28AAE92F00DEEBEE /* XCRemoteSwiftPackageReference "firebase-ios-sdk" */;
			productName = FirebaseAuth;
		};
		28C8B95228AAE92F00DEEBEE /* FirebaseFirestore */ = {
			isa = XCSwiftPackageProductDependency;
			package = 28C8B94F28AAE92F00DEEBEE /* XCRemoteSwiftPackageReference "firebase-ios-sdk" */;
			productName = FirebaseFirestore;
		};
/* End XCSwiftPackageProductDependency section */
	};
	rootObject = 28C8B91228AAE82400DEEBEE /* Project object */;
}
